// !$*UTF8*$!
{
	archiveVersion = 1;
	classes = {
	};
	objectVersion = 46;
	objects = {

/* Begin PBXBuildFile section */
		071A93E22B6819FB3C62D7F8 /* libPods-Heroes 2048.a in Frameworks */ = {isa = PBXBuildFile; fileRef = D1C3F02F5CDA39064C406570 /* libPods-Heroes 2048.a */; };
		2443DC5618D662CA00C920C1 /* Foundation.framework in Frameworks */ = {isa = PBXBuildFile; fileRef = 2443DC5518D662CA00C920C1 /* Foundation.framework */; };
		2443DC5818D662CA00C920C1 /* CoreGraphics.framework in Frameworks */ = {isa = PBXBuildFile; fileRef = 2443DC5718D662CA00C920C1 /* CoreGraphics.framework */; };
		2443DC5A18D662CA00C920C1 /* UIKit.framework in Frameworks */ = {isa = PBXBuildFile; fileRef = 2443DC5918D662CA00C920C1 /* UIKit.framework */; };
		2443DC5C18D662CA00C920C1 /* SpriteKit.framework in Frameworks */ = {isa = PBXBuildFile; fileRef = 2443DC5B18D662CA00C920C1 /* SpriteKit.framework */; };
		2443DC6218D662CA00C920C1 /* InfoPlist.strings in Resources */ = {isa = PBXBuildFile; fileRef = 2443DC6018D662CA00C920C1 /* InfoPlist.strings */; };
		2443DC6418D662CA00C920C1 /* main.m in Sources */ = {isa = PBXBuildFile; fileRef = 2443DC6318D662CA00C920C1 /* main.m */; };
		2443DC6818D662CA00C920C1 /* M2AppDelegate.m in Sources */ = {isa = PBXBuildFile; fileRef = 2443DC6718D662CA00C920C1 /* M2AppDelegate.m */; };
		2443DC6B18D662CA00C920C1 /* Main.storyboard in Resources */ = {isa = PBXBuildFile; fileRef = 2443DC6918D662CA00C920C1 /* Main.storyboard */; };
		2443DC7518D662CA00C920C1 /* Images.xcassets in Resources */ = {isa = PBXBuildFile; fileRef = 2443DC7418D662CA00C920C1 /* Images.xcassets */; };
		2443DC9A18D663FC00C920C1 /* M2Scene.m in Sources */ = {isa = PBXBuildFile; fileRef = 2443DC9618D663FC00C920C1 /* M2Scene.m */; };
		2443DC9B18D663FC00C920C1 /* M2GameManager.m in Sources */ = {isa = PBXBuildFile; fileRef = 2443DC9918D663FC00C920C1 /* M2GameManager.m */; };
		2443DCA018D6647000C920C1 /* M2SettingsViewController.m in Sources */ = {isa = PBXBuildFile; fileRef = 2443DC9F18D6647000C920C1 /* M2SettingsViewController.m */; };
		2443DCA318D6649500C920C1 /* M2Theme.m in Sources */ = {isa = PBXBuildFile; fileRef = 2443DCA218D6649500C920C1 /* M2Theme.m */; };
		2443DCA618D66CCC00C920C1 /* M2ViewController.m in Sources */ = {isa = PBXBuildFile; fileRef = 2443DCA518D66CCC00C920C1 /* M2ViewController.m */; };
		2443DCAF18D6C18400C920C1 /* M2Tile.m in Sources */ = {isa = PBXBuildFile; fileRef = 2443DCAE18D6C18400C920C1 /* M2Tile.m */; };
		24C4515B18D6DC4A0001FCFD /* M2Cell.m in Sources */ = {isa = PBXBuildFile; fileRef = 24C4515A18D6DC4A0001FCFD /* M2Cell.m */; };
		24C4515E18D6DC740001FCFD /* M2Grid.m in Sources */ = {isa = PBXBuildFile; fileRef = 24C4515D18D6DC740001FCFD /* M2Grid.m */; };
		24C4516418DABABE0001FCFD /* M2GlobalState.m in Sources */ = {isa = PBXBuildFile; fileRef = 24C4516218DABABE0001FCFD /* M2GlobalState.m */; };
		24C4516818DD64A90001FCFD /* M2GridView.m in Sources */ = {isa = PBXBuildFile; fileRef = 24C4516718DD64A90001FCFD /* M2GridView.m */; };
		24C4517018DFF10B0001FCFD /* M2ScoreView.m in Sources */ = {isa = PBXBuildFile; fileRef = 24C4516F18DFF10B0001FCFD /* M2ScoreView.m */; };
		24C4517318E140AE0001FCFD /* M2SettingsDetailViewController.m in Sources */ = {isa = PBXBuildFile; fileRef = 24C4517218E140AE0001FCFD /* M2SettingsDetailViewController.m */; };
		24C4518118E265390001FCFD /* M2Overlay.m in Sources */ = {isa = PBXBuildFile; fileRef = 24C4518018E265390001FCFD /* M2Overlay.m */; };
		B2CF14581AB1C50100E7F5CB /* M2MoreAppsViewController.m in Sources */ = {isa = PBXBuildFile; fileRef = B2CF14571AB1C50100E7F5CB /* M2MoreAppsViewController.m */; };
		B2CF145D1AB1CB0100E7F5CB /* ic_draw.png in Resources */ = {isa = PBXBuildFile; fileRef = B2CF145A1AB1CB0100E7F5CB /* ic_draw.png */; };
		B2CF145E1AB1CB0100E7F5CB /* ic_origami.png in Resources */ = {isa = PBXBuildFile; fileRef = B2CF145B1AB1CB0100E7F5CB /* ic_origami.png */; };
		B2CF145F1AB1CB0100E7F5CB /* ic_pokemon.png in Resources */ = {isa = PBXBuildFile; fileRef = B2CF145C1AB1CB0100E7F5CB /* ic_pokemon.png */; };
		B2CF14611AB1CE8800E7F5CB /* ic_knots.png in Resources */ = {isa = PBXBuildFile; fileRef = B2CF14601AB1CE8800E7F5CB /* ic_knots.png */; };
		B2F5D1921AAF3E450010D08E /* 1_8.png in Resources */ = {isa = PBXBuildFile; fileRef = B2F5D1651AAF3E450010D08E /* 1_8.png */; };
		B2F5D1931AAF3E450010D08E /* 1_2.png in Resources */ = {isa = PBXBuildFile; fileRef = B2F5D1661AAF3E450010D08E /* 1_2.png */; };
		B2F5D1941AAF3E450010D08E /* 1_16384.png in Resources */ = {isa = PBXBuildFile; fileRef = B2F5D1671AAF3E450010D08E /* 1_16384.png */; };
		B2F5D1951AAF3E450010D08E /* 1_4.png in Resources */ = {isa = PBXBuildFile; fileRef = B2F5D1681AAF3E450010D08E /* 1_4.png */; };
		B2F5D1961AAF3E450010D08E /* 1_128.png in Resources */ = {isa = PBXBuildFile; fileRef = B2F5D1691AAF3E450010D08E /* 1_128.png */; };
		B2F5D1971AAF3E450010D08E /* 1_2048.png in Resources */ = {isa = PBXBuildFile; fileRef = B2F5D16A1AAF3E450010D08E /* 1_2048.png */; };
		B2F5D1981AAF3E450010D08E /* 1_4096.png in Resources */ = {isa = PBXBuildFile; fileRef = B2F5D16B1AAF3E450010D08E /* 1_4096.png */; };
		B2F5D1991AAF3E450010D08E /* 1_32.png in Resources */ = {isa = PBXBuildFile; fileRef = B2F5D16C1AAF3E450010D08E /* 1_32.png */; };
		B2F5D19A1AAF3E450010D08E /* 1_64.png in Resources */ = {isa = PBXBuildFile; fileRef = B2F5D16D1AAF3E450010D08E /* 1_64.png */; };
		B2F5D19B1AAF3E450010D08E /* 1_512.png in Resources */ = {isa = PBXBuildFile; fileRef = B2F5D16E1AAF3E450010D08E /* 1_512.png */; };
		B2F5D19C1AAF3E450010D08E /* 1_256.png in Resources */ = {isa = PBXBuildFile; fileRef = B2F5D16F1AAF3E450010D08E /* 1_256.png */; };
		B2F5D19D1AAF3E450010D08E /* 1_16.png in Resources */ = {isa = PBXBuildFile; fileRef = B2F5D1701AAF3E450010D08E /* 1_16.png */; };
		B2F5D19E1AAF3E450010D08E /* 1_8192.png in Resources */ = {isa = PBXBuildFile; fileRef = B2F5D1711AAF3E450010D08E /* 1_8192.png */; };
		B2F5D19F1AAF3E450010D08E /* 1_1024.png in Resources */ = {isa = PBXBuildFile; fileRef = B2F5D1721AAF3E450010D08E /* 1_1024.png */; };
		B2F5D1A01AAF3E450010D08E /* 1_32768.png in Resources */ = {isa = PBXBuildFile; fileRef = B2F5D1731AAF3E450010D08E /* 1_32768.png */; };
		B2F5D1A11AAF3E450010D08E /* 3_8.png in Resources */ = {isa = PBXBuildFile; fileRef = B2F5D1741AAF3E450010D08E /* 3_8.png */; };
		B2F5D1A21AAF3E450010D08E /* 3_128.png in Resources */ = {isa = PBXBuildFile; fileRef = B2F5D1751AAF3E450010D08E /* 3_128.png */; };
		B2F5D1A31AAF3E450010D08E /* 3_16.png in Resources */ = {isa = PBXBuildFile; fileRef = B2F5D1761AAF3E450010D08E /* 3_16.png */; };
		B2F5D1A41AAF3E450010D08E /* 3_2.png in Resources */ = {isa = PBXBuildFile; fileRef = B2F5D1771AAF3E450010D08E /* 3_2.png */; };
		B2F5D1A51AAF3E450010D08E /* 3_1024.png in Resources */ = {isa = PBXBuildFile; fileRef = B2F5D1781AAF3E450010D08E /* 3_1024.png */; };
		B2F5D1A61AAF3E450010D08E /* 3_4.png in Resources */ = {isa = PBXBuildFile; fileRef = B2F5D1791AAF3E450010D08E /* 3_4.png */; };
		B2F5D1A71AAF3E450010D08E /* 3_32768.png in Resources */ = {isa = PBXBuildFile; fileRef = B2F5D17A1AAF3E450010D08E /* 3_32768.png */; };
		B2F5D1A81AAF3E450010D08E /* 3_8192.png in Resources */ = {isa = PBXBuildFile; fileRef = B2F5D17B1AAF3E450010D08E /* 3_8192.png */; };
		B2F5D1A91AAF3E450010D08E /* 3_256.png in Resources */ = {isa = PBXBuildFile; fileRef = B2F5D17C1AAF3E450010D08E /* 3_256.png */; };
		B2F5D1AA1AAF3E450010D08E /* 3_16384.png in Resources */ = {isa = PBXBuildFile; fileRef = B2F5D17D1AAF3E450010D08E /* 3_16384.png */; };
		B2F5D1AB1AAF3E450010D08E /* 3_512.png in Resources */ = {isa = PBXBuildFile; fileRef = B2F5D17E1AAF3E450010D08E /* 3_512.png */; };
		B2F5D1AC1AAF3E450010D08E /* 3_64.png in Resources */ = {isa = PBXBuildFile; fileRef = B2F5D17F1AAF3E450010D08E /* 3_64.png */; };
		B2F5D1AD1AAF3E450010D08E /* 3_4096.png in Resources */ = {isa = PBXBuildFile; fileRef = B2F5D1801AAF3E450010D08E /* 3_4096.png */; };
		B2F5D1AE1AAF3E450010D08E /* 3_2048.png in Resources */ = {isa = PBXBuildFile; fileRef = B2F5D1811AAF3E450010D08E /* 3_2048.png */; };
		B2F5D1AF1AAF3E450010D08E /* 3_32.png in Resources */ = {isa = PBXBuildFile; fileRef = B2F5D1821AAF3E450010D08E /* 3_32.png */; };
		B2F5D1BF1AAF45FB0010D08E /* 2_32768.png in Resources */ = {isa = PBXBuildFile; fileRef = B2F5D1B01AAF45FB0010D08E /* 2_32768.png */; };
		B2F5D1C01AAF45FB0010D08E /* 2_16384.png in Resources */ = {isa = PBXBuildFile; fileRef = B2F5D1B11AAF45FB0010D08E /* 2_16384.png */; };
		B2F5D1C11AAF45FB0010D08E /* 2_8192.png in Resources */ = {isa = PBXBuildFile; fileRef = B2F5D1B21AAF45FB0010D08E /* 2_8192.png */; };
		B2F5D1C21AAF45FB0010D08E /* 2_4096.png in Resources */ = {isa = PBXBuildFile; fileRef = B2F5D1B31AAF45FB0010D08E /* 2_4096.png */; };
		B2F5D1C31AAF45FB0010D08E /* 2_16.png in Resources */ = {isa = PBXBuildFile; fileRef = B2F5D1B41AAF45FB0010D08E /* 2_16.png */; };
		B2F5D1C41AAF45FB0010D08E /* 2_2048.png in Resources */ = {isa = PBXBuildFile; fileRef = B2F5D1B51AAF45FB0010D08E /* 2_2048.png */; };
		B2F5D1C51AAF45FB0010D08E /* 2_1024.png in Resources */ = {isa = PBXBuildFile; fileRef = B2F5D1B61AAF45FB0010D08E /* 2_1024.png */; };
		B2F5D1C61AAF45FB0010D08E /* 2_512.png in Resources */ = {isa = PBXBuildFile; fileRef = B2F5D1B71AAF45FB0010D08E /* 2_512.png */; };
		B2F5D1C71AAF45FB0010D08E /* 2_256.png in Resources */ = {isa = PBXBuildFile; fileRef = B2F5D1B81AAF45FB0010D08E /* 2_256.png */; };
		B2F5D1C81AAF45FB0010D08E /* 2_128.png in Resources */ = {isa = PBXBuildFile; fileRef = B2F5D1B91AAF45FB0010D08E /* 2_128.png */; };
		B2F5D1C91AAF45FB0010D08E /* 2_64.png in Resources */ = {isa = PBXBuildFile; fileRef = B2F5D1BA1AAF45FB0010D08E /* 2_64.png */; };
		B2F5D1CA1AAF45FB0010D08E /* 2_32.png in Resources */ = {isa = PBXBuildFile; fileRef = B2F5D1BB1AAF45FB0010D08E /* 2_32.png */; };
		B2F5D1CB1AAF45FB0010D08E /* 2_8.png in Resources */ = {isa = PBXBuildFile; fileRef = B2F5D1BC1AAF45FB0010D08E /* 2_8.png */; };
		B2F5D1CC1AAF45FB0010D08E /* 2_4.png in Resources */ = {isa = PBXBuildFile; fileRef = B2F5D1BD1AAF45FB0010D08E /* 2_4.png */; };
		B2F5D1CD1AAF45FB0010D08E /* 2_2.png in Resources */ = {isa = PBXBuildFile; fileRef = B2F5D1BE1AAF45FB0010D08E /* 2_2.png */; };
/* End PBXBuildFile section */

/* Begin PBXFileReference section */
		2443DC5218D662CA00C920C1 /* Heroes 2048.app */ = {isa = PBXFileReference; explicitFileType = wrapper.application; includeInIndex = 0; path = "Heroes 2048.app"; sourceTree = BUILT_PRODUCTS_DIR; };
		2443DC5518D662CA00C920C1 /* Foundation.framework */ = {isa = PBXFileReference; lastKnownFileType = wrapper.framework; name = Foundation.framework; path = System/Library/Frameworks/Foundation.framework; sourceTree = SDKROOT; };
		2443DC5718D662CA00C920C1 /* CoreGraphics.framework */ = {isa = PBXFileReference; lastKnownFileType = wrapper.framework; name = CoreGraphics.framework; path = System/Library/Frameworks/CoreGraphics.framework; sourceTree = SDKROOT; };
		2443DC5918D662CA00C920C1 /* UIKit.framework */ = {isa = PBXFileReference; lastKnownFileType = wrapper.framework; name = UIKit.framework; path = System/Library/Frameworks/UIKit.framework; sourceTree = SDKROOT; };
		2443DC5B18D662CA00C920C1 /* SpriteKit.framework */ = {isa = PBXFileReference; lastKnownFileType = wrapper.framework; name = SpriteKit.framework; path = System/Library/Frameworks/SpriteKit.framework; sourceTree = SDKROOT; };
		2443DC5F18D662CA00C920C1 /* Heroes 2048-Info.plist */ = {isa = PBXFileReference; lastKnownFileType = text.plist.xml; path = "Heroes 2048-Info.plist"; sourceTree = "<group>"; };
		2443DC6118D662CA00C920C1 /* en */ = {isa = PBXFileReference; lastKnownFileType = text.plist.strings; name = en; path = en.lproj/InfoPlist.strings; sourceTree = "<group>"; };
		2443DC6318D662CA00C920C1 /* main.m */ = {isa = PBXFileReference; lastKnownFileType = sourcecode.c.objc; path = main.m; sourceTree = "<group>"; };
		2443DC6518D662CA00C920C1 /* Heroes 2048-Prefix.pch */ = {isa = PBXFileReference; lastKnownFileType = sourcecode.c.h; path = "Heroes 2048-Prefix.pch"; sourceTree = "<group>"; };
		2443DC6618D662CA00C920C1 /* M2AppDelegate.h */ = {isa = PBXFileReference; lastKnownFileType = sourcecode.c.h; path = M2AppDelegate.h; sourceTree = "<group>"; };
		2443DC6718D662CA00C920C1 /* M2AppDelegate.m */ = {isa = PBXFileReference; lastKnownFileType = sourcecode.c.objc; path = M2AppDelegate.m; sourceTree = "<group>"; };
		2443DC6A18D662CA00C920C1 /* Base */ = {isa = PBXFileReference; lastKnownFileType = file.storyboard; name = Base; path = Base.lproj/Main.storyboard; sourceTree = "<group>"; };
		2443DC7418D662CA00C920C1 /* Images.xcassets */ = {isa = PBXFileReference; lastKnownFileType = folder.assetcatalog; path = Images.xcassets; sourceTree = "<group>"; };
		2443DC7B18D662CA00C920C1 /* XCTest.framework */ = {isa = PBXFileReference; lastKnownFileType = wrapper.framework; name = XCTest.framework; path = Library/Frameworks/XCTest.framework; sourceTree = DEVELOPER_DIR; };
		2443DC9518D663FC00C920C1 /* M2Scene.h */ = {isa = PBXFileReference; fileEncoding = 4; lastKnownFileType = sourcecode.c.h; path = M2Scene.h; sourceTree = "<group>"; };
		2443DC9618D663FC00C920C1 /* M2Scene.m */ = {isa = PBXFileReference; fileEncoding = 4; lastKnownFileType = sourcecode.c.objc; path = M2Scene.m; sourceTree = "<group>"; };
		2443DC9818D663FC00C920C1 /* M2GameManager.h */ = {isa = PBXFileReference; fileEncoding = 4; lastKnownFileType = sourcecode.c.h; path = M2GameManager.h; sourceTree = "<group>"; };
		2443DC9918D663FC00C920C1 /* M2GameManager.m */ = {isa = PBXFileReference; fileEncoding = 4; lastKnownFileType = sourcecode.c.objc; path = M2GameManager.m; sourceTree = "<group>"; };
		2443DC9E18D6647000C920C1 /* M2SettingsViewController.h */ = {isa = PBXFileReference; fileEncoding = 4; lastKnownFileType = sourcecode.c.h; path = M2SettingsViewController.h; sourceTree = "<group>"; };
		2443DC9F18D6647000C920C1 /* M2SettingsViewController.m */ = {isa = PBXFileReference; fileEncoding = 4; lastKnownFileType = sourcecode.c.objc; path = M2SettingsViewController.m; sourceTree = "<group>"; };
		2443DCA118D6649500C920C1 /* M2Theme.h */ = {isa = PBXFileReference; fileEncoding = 4; lastKnownFileType = sourcecode.c.h; path = M2Theme.h; sourceTree = "<group>"; };
		2443DCA218D6649500C920C1 /* M2Theme.m */ = {isa = PBXFileReference; fileEncoding = 4; lastKnownFileType = sourcecode.c.objc; path = M2Theme.m; sourceTree = "<group>"; };
		2443DCA418D66CCC00C920C1 /* M2ViewController.h */ = {isa = PBXFileReference; fileEncoding = 4; lastKnownFileType = sourcecode.c.h; path = M2ViewController.h; sourceTree = "<group>"; };
		2443DCA518D66CCC00C920C1 /* M2ViewController.m */ = {isa = PBXFileReference; fileEncoding = 4; lastKnownFileType = sourcecode.c.objc; path = M2ViewController.m; sourceTree = "<group>"; };
		2443DCAD18D6C18400C920C1 /* M2Tile.h */ = {isa = PBXFileReference; fileEncoding = 4; lastKnownFileType = sourcecode.c.h; path = M2Tile.h; sourceTree = "<group>"; };
		2443DCAE18D6C18400C920C1 /* M2Tile.m */ = {isa = PBXFileReference; fileEncoding = 4; lastKnownFileType = sourcecode.c.objc; path = M2Tile.m; sourceTree = "<group>"; };
		24C4515918D6DC4A0001FCFD /* M2Cell.h */ = {isa = PBXFileReference; fileEncoding = 4; lastKnownFileType = sourcecode.c.h; path = M2Cell.h; sourceTree = "<group>"; };
		24C4515A18D6DC4A0001FCFD /* M2Cell.m */ = {isa = PBXFileReference; fileEncoding = 4; lastKnownFileType = sourcecode.c.objc; path = M2Cell.m; sourceTree = "<group>"; };
		24C4515C18D6DC740001FCFD /* M2Grid.h */ = {isa = PBXFileReference; fileEncoding = 4; lastKnownFileType = sourcecode.c.h; path = M2Grid.h; sourceTree = "<group>"; };
		24C4515D18D6DC740001FCFD /* M2Grid.m */ = {isa = PBXFileReference; fileEncoding = 4; lastKnownFileType = sourcecode.c.objc; path = M2Grid.m; sourceTree = "<group>"; };
		24C4516118DABABE0001FCFD /* M2GlobalState.h */ = {isa = PBXFileReference; fileEncoding = 4; lastKnownFileType = sourcecode.c.h; path = M2GlobalState.h; sourceTree = "<group>"; };
		24C4516218DABABE0001FCFD /* M2GlobalState.m */ = {isa = PBXFileReference; fileEncoding = 4; lastKnownFileType = sourcecode.c.objc; path = M2GlobalState.m; sourceTree = "<group>"; };
		24C4516318DABABE0001FCFD /* M2Position.h */ = {isa = PBXFileReference; fileEncoding = 4; lastKnownFileType = sourcecode.c.h; path = M2Position.h; sourceTree = "<group>"; };
		24C4516618DD64A90001FCFD /* M2GridView.h */ = {isa = PBXFileReference; fileEncoding = 4; lastKnownFileType = sourcecode.c.h; path = M2GridView.h; sourceTree = "<group>"; };
		24C4516718DD64A90001FCFD /* M2GridView.m */ = {isa = PBXFileReference; fileEncoding = 4; lastKnownFileType = sourcecode.c.objc; path = M2GridView.m; sourceTree = "<group>"; };
		24C4516E18DFF10B0001FCFD /* M2ScoreView.h */ = {isa = PBXFileReference; fileEncoding = 4; lastKnownFileType = sourcecode.c.h; path = M2ScoreView.h; sourceTree = "<group>"; };
		24C4516F18DFF10B0001FCFD /* M2ScoreView.m */ = {isa = PBXFileReference; fileEncoding = 4; lastKnownFileType = sourcecode.c.objc; path = M2ScoreView.m; sourceTree = "<group>"; };
		24C4517118E140AE0001FCFD /* M2SettingsDetailViewController.h */ = {isa = PBXFileReference; fileEncoding = 4; lastKnownFileType = sourcecode.c.h; path = M2SettingsDetailViewController.h; sourceTree = "<group>"; };
		24C4517218E140AE0001FCFD /* M2SettingsDetailViewController.m */ = {isa = PBXFileReference; fileEncoding = 4; lastKnownFileType = sourcecode.c.objc; path = M2SettingsDetailViewController.m; sourceTree = "<group>"; };
		24C4517F18E265390001FCFD /* M2Overlay.h */ = {isa = PBXFileReference; fileEncoding = 4; lastKnownFileType = sourcecode.c.h; path = M2Overlay.h; sourceTree = "<group>"; };
		24C4518018E265390001FCFD /* M2Overlay.m */ = {isa = PBXFileReference; fileEncoding = 4; lastKnownFileType = sourcecode.c.objc; path = M2Overlay.m; sourceTree = "<group>"; };
		89D4878145810A5051E550CF /* Pods-Heroes 2048.debug.xcconfig */ = {isa = PBXFileReference; includeInIndex = 1; lastKnownFileType = text.xcconfig; name = "Pods-Heroes 2048.debug.xcconfig"; path = "Pods/Target Support Files/Pods-Heroes 2048/Pods-Heroes 2048.debug.xcconfig"; sourceTree = "<group>"; };
		9198E1EDD32611AC0FC4AF8A /* Pods-Heroes 2048.release.xcconfig */ = {isa = PBXFileReference; includeInIndex = 1; lastKnownFileType = text.xcconfig; name = "Pods-Heroes 2048.release.xcconfig"; path = "Pods/Target Support Files/Pods-Heroes 2048/Pods-Heroes 2048.release.xcconfig"; sourceTree = "<group>"; };
		B223C11F1AB1EFB6005BB7A9 /* GoogleMobileAds.framework */ = {isa = PBXFileReference; lastKnownFileType = wrapper.framework; name = GoogleMobileAds.framework; path = "Pods/Google-Mobile-Ads-SDK/GoogleMobileAdsSdkiOS-7.0.0/GoogleMobileAds.framework"; sourceTree = "<group>"; };
		B2CF14561AB1C50100E7F5CB /* M2MoreAppsViewController.h */ = {isa = PBXFileReference; fileEncoding = 4; lastKnownFileType = sourcecode.c.h; path = M2MoreAppsViewController.h; sourceTree = "<group>"; };
		B2CF14571AB1C50100E7F5CB /* M2MoreAppsViewController.m */ = {isa = PBXFileReference; fileEncoding = 4; lastKnownFileType = sourcecode.c.objc; path = M2MoreAppsViewController.m; sourceTree = "<group>"; };
		B2CF145A1AB1CB0100E7F5CB /* ic_draw.png */ = {isa = PBXFileReference; lastKnownFileType = image.png; path = ic_draw.png; sourceTree = "<group>"; };
		B2CF145B1AB1CB0100E7F5CB /* ic_origami.png */ = {isa = PBXFileReference; lastKnownFileType = image.png; path = ic_origami.png; sourceTree = "<group>"; };
		B2CF145C1AB1CB0100E7F5CB /* ic_pokemon.png */ = {isa = PBXFileReference; lastKnownFileType = image.png; path = ic_pokemon.png; sourceTree = "<group>"; };
		B2CF14601AB1CE8800E7F5CB /* ic_knots.png */ = {isa = PBXFileReference; lastKnownFileType = image.png; path = ic_knots.png; sourceTree = "<group>"; };
		B2F5D1651AAF3E450010D08E /* 1_8.png */ = {isa = PBXFileReference; lastKnownFileType = image.png; name = 1_8.png; path = Images/1_8.png; sourceTree = "<group>"; };
		B2F5D1661AAF3E450010D08E /* 1_2.png */ = {isa = PBXFileReference; lastKnownFileType = image.png; name = 1_2.png; path = Images/1_2.png; sourceTree = "<group>"; };
		B2F5D1671AAF3E450010D08E /* 1_16384.png */ = {isa = PBXFileReference; lastKnownFileType = image.png; name = 1_16384.png; path = Images/1_16384.png; sourceTree = "<group>"; };
		B2F5D1681AAF3E450010D08E /* 1_4.png */ = {isa = PBXFileReference; lastKnownFileType = image.png; name = 1_4.png; path = Images/1_4.png; sourceTree = "<group>"; };
		B2F5D1691AAF3E450010D08E /* 1_128.png */ = {isa = PBXFileReference; lastKnownFileType = image.png; name = 1_128.png; path = Images/1_128.png; sourceTree = "<group>"; };
		B2F5D16A1AAF3E450010D08E /* 1_2048.png */ = {isa = PBXFileReference; lastKnownFileType = image.png; name = 1_2048.png; path = Images/1_2048.png; sourceTree = "<group>"; };
		B2F5D16B1AAF3E450010D08E /* 1_4096.png */ = {isa = PBXFileReference; lastKnownFileType = image.png; name = 1_4096.png; path = Images/1_4096.png; sourceTree = "<group>"; };
		B2F5D16C1AAF3E450010D08E /* 1_32.png */ = {isa = PBXFileReference; lastKnownFileType = image.png; name = 1_32.png; path = Images/1_32.png; sourceTree = "<group>"; };
		B2F5D16D1AAF3E450010D08E /* 1_64.png */ = {isa = PBXFileReference; lastKnownFileType = image.png; name = 1_64.png; path = Images/1_64.png; sourceTree = "<group>"; };
		B2F5D16E1AAF3E450010D08E /* 1_512.png */ = {isa = PBXFileReference; lastKnownFileType = image.png; name = 1_512.png; path = Images/1_512.png; sourceTree = "<group>"; };
		B2F5D16F1AAF3E450010D08E /* 1_256.png */ = {isa = PBXFileReference; lastKnownFileType = image.png; name = 1_256.png; path = Images/1_256.png; sourceTree = "<group>"; };
		B2F5D1701AAF3E450010D08E /* 1_16.png */ = {isa = PBXFileReference; lastKnownFileType = image.png; name = 1_16.png; path = Images/1_16.png; sourceTree = "<group>"; };
		B2F5D1711AAF3E450010D08E /* 1_8192.png */ = {isa = PBXFileReference; lastKnownFileType = image.png; name = 1_8192.png; path = Images/1_8192.png; sourceTree = "<group>"; };
		B2F5D1721AAF3E450010D08E /* 1_1024.png */ = {isa = PBXFileReference; lastKnownFileType = image.png; name = 1_1024.png; path = Images/1_1024.png; sourceTree = "<group>"; };
		B2F5D1731AAF3E450010D08E /* 1_32768.png */ = {isa = PBXFileReference; lastKnownFileType = image.png; name = 1_32768.png; path = Images/1_32768.png; sourceTree = "<group>"; };
		B2F5D1741AAF3E450010D08E /* 3_8.png */ = {isa = PBXFileReference; lastKnownFileType = image.png; name = 3_8.png; path = Images/3_8.png; sourceTree = "<group>"; };
		B2F5D1751AAF3E450010D08E /* 3_128.png */ = {isa = PBXFileReference; lastKnownFileType = image.png; name = 3_128.png; path = Images/3_128.png; sourceTree = "<group>"; };
		B2F5D1761AAF3E450010D08E /* 3_16.png */ = {isa = PBXFileReference; lastKnownFileType = image.png; name = 3_16.png; path = Images/3_16.png; sourceTree = "<group>"; };
		B2F5D1771AAF3E450010D08E /* 3_2.png */ = {isa = PBXFileReference; lastKnownFileType = image.png; name = 3_2.png; path = Images/3_2.png; sourceTree = "<group>"; };
		B2F5D1781AAF3E450010D08E /* 3_1024.png */ = {isa = PBXFileReference; lastKnownFileType = image.png; name = 3_1024.png; path = Images/3_1024.png; sourceTree = "<group>"; };
		B2F5D1791AAF3E450010D08E /* 3_4.png */ = {isa = PBXFileReference; lastKnownFileType = image.png; name = 3_4.png; path = Images/3_4.png; sourceTree = "<group>"; };
		B2F5D17A1AAF3E450010D08E /* 3_32768.png */ = {isa = PBXFileReference; lastKnownFileType = image.png; name = 3_32768.png; path = Images/3_32768.png; sourceTree = "<group>"; };
		B2F5D17B1AAF3E450010D08E /* 3_8192.png */ = {isa = PBXFileReference; lastKnownFileType = image.png; name = 3_8192.png; path = Images/3_8192.png; sourceTree = "<group>"; };
		B2F5D17C1AAF3E450010D08E /* 3_256.png */ = {isa = PBXFileReference; lastKnownFileType = image.png; name = 3_256.png; path = Images/3_256.png; sourceTree = "<group>"; };
		B2F5D17D1AAF3E450010D08E /* 3_16384.png */ = {isa = PBXFileReference; lastKnownFileType = image.png; name = 3_16384.png; path = Images/3_16384.png; sourceTree = "<group>"; };
		B2F5D17E1AAF3E450010D08E /* 3_512.png */ = {isa = PBXFileReference; lastKnownFileType = image.png; name = 3_512.png; path = Images/3_512.png; sourceTree = "<group>"; };
		B2F5D17F1AAF3E450010D08E /* 3_64.png */ = {isa = PBXFileReference; lastKnownFileType = image.png; name = 3_64.png; path = Images/3_64.png; sourceTree = "<group>"; };
		B2F5D1801AAF3E450010D08E /* 3_4096.png */ = {isa = PBXFileReference; lastKnownFileType = image.png; name = 3_4096.png; path = Images/3_4096.png; sourceTree = "<group>"; };
		B2F5D1811AAF3E450010D08E /* 3_2048.png */ = {isa = PBXFileReference; lastKnownFileType = image.png; name = 3_2048.png; path = Images/3_2048.png; sourceTree = "<group>"; };
		B2F5D1821AAF3E450010D08E /* 3_32.png */ = {isa = PBXFileReference; lastKnownFileType = image.png; name = 3_32.png; path = Images/3_32.png; sourceTree = "<group>"; };
		B2F5D1B01AAF45FB0010D08E /* 2_32768.png */ = {isa = PBXFileReference; lastKnownFileType = image.png; name = 2_32768.png; path = Images/2_32768.png; sourceTree = "<group>"; };
		B2F5D1B11AAF45FB0010D08E /* 2_16384.png */ = {isa = PBXFileReference; lastKnownFileType = image.png; name = 2_16384.png; path = Images/2_16384.png; sourceTree = "<group>"; };
		B2F5D1B21AAF45FB0010D08E /* 2_8192.png */ = {isa = PBXFileReference; lastKnownFileType = image.png; name = 2_8192.png; path = Images/2_8192.png; sourceTree = "<group>"; };
		B2F5D1B31AAF45FB0010D08E /* 2_4096.png */ = {isa = PBXFileReference; lastKnownFileType = image.png; name = 2_4096.png; path = Images/2_4096.png; sourceTree = "<group>"; };
		B2F5D1B41AAF45FB0010D08E /* 2_16.png */ = {isa = PBXFileReference; lastKnownFileType = image.png; name = 2_16.png; path = Images/2_16.png; sourceTree = "<group>"; };
		B2F5D1B51AAF45FB0010D08E /* 2_2048.png */ = {isa = PBXFileReference; lastKnownFileType = image.png; name = 2_2048.png; path = Images/2_2048.png; sourceTree = "<group>"; };
		B2F5D1B61AAF45FB0010D08E /* 2_1024.png */ = {isa = PBXFileReference; lastKnownFileType = image.png; name = 2_1024.png; path = Images/2_1024.png; sourceTree = "<group>"; };
		B2F5D1B71AAF45FB0010D08E /* 2_512.png */ = {isa = PBXFileReference; lastKnownFileType = image.png; name = 2_512.png; path = Images/2_512.png; sourceTree = "<group>"; };
		B2F5D1B81AAF45FB0010D08E /* 2_256.png */ = {isa = PBXFileReference; lastKnownFileType = image.png; name = 2_256.png; path = Images/2_256.png; sourceTree = "<group>"; };
		B2F5D1B91AAF45FB0010D08E /* 2_128.png */ = {isa = PBXFileReference; lastKnownFileType = image.png; name = 2_128.png; path = Images/2_128.png; sourceTree = "<group>"; };
		B2F5D1BA1AAF45FB0010D08E /* 2_64.png */ = {isa = PBXFileReference; lastKnownFileType = image.png; name = 2_64.png; path = Images/2_64.png; sourceTree = "<group>"; };
		B2F5D1BB1AAF45FB0010D08E /* 2_32.png */ = {isa = PBXFileReference; lastKnownFileType = image.png; name = 2_32.png; path = Images/2_32.png; sourceTree = "<group>"; };
		B2F5D1BC1AAF45FB0010D08E /* 2_8.png */ = {isa = PBXFileReference; lastKnownFileType = image.png; name = 2_8.png; path = Images/2_8.png; sourceTree = "<group>"; };
		B2F5D1BD1AAF45FB0010D08E /* 2_4.png */ = {isa = PBXFileReference; lastKnownFileType = image.png; name = 2_4.png; path = Images/2_4.png; sourceTree = "<group>"; };
		B2F5D1BE1AAF45FB0010D08E /* 2_2.png */ = {isa = PBXFileReference; lastKnownFileType = image.png; name = 2_2.png; path = Images/2_2.png; sourceTree = "<group>"; };
		D1C3F02F5CDA39064C406570 /* libPods-Heroes 2048.a */ = {isa = PBXFileReference; explicitFileType = archive.ar; includeInIndex = 0; path = "libPods-Heroes 2048.a"; sourceTree = BUILT_PRODUCTS_DIR; };
/* End PBXFileReference section */

/* Begin PBXFrameworksBuildPhase section */
		2443DC4F18D662CA00C920C1 /* Frameworks */ = {
			isa = PBXFrameworksBuildPhase;
			buildActionMask = 2147483647;
			files = (
				2443DC5818D662CA00C920C1 /* CoreGraphics.framework in Frameworks */,
				2443DC5A18D662CA00C920C1 /* UIKit.framework in Frameworks */,
				2443DC5C18D662CA00C920C1 /* SpriteKit.framework in Frameworks */,
				2443DC5618D662CA00C920C1 /* Foundation.framework in Frameworks */,
				071A93E22B6819FB3C62D7F8 /* libPods-Heroes 2048.a in Frameworks */,
			);
			runOnlyForDeploymentPostprocessing = 0;
		};
/* End PBXFrameworksBuildPhase section */

/* Begin PBXGroup section */
		2443DC4918D662CA00C920C1 = {
			isa = PBXGroup;
			children = (
				2443DC5D18D662CA00C920C1 /* m2048 */,
				2443DC5418D662CA00C920C1 /* Frameworks */,
				2443DC5318D662CA00C920C1 /* Products */,
				3706C2EA3C67FC152033D089 /* Pods */,
			);
			sourceTree = "<group>";
		};
		2443DC5318D662CA00C920C1 /* Products */ = {
			isa = PBXGroup;
			children = (
				2443DC5218D662CA00C920C1 /* Heroes 2048.app */,
			);
			name = Products;
			sourceTree = "<group>";
		};
		2443DC5418D662CA00C920C1 /* Frameworks */ = {
			isa = PBXGroup;
			children = (
				B223C11F1AB1EFB6005BB7A9 /* GoogleMobileAds.framework */,
				2443DC5518D662CA00C920C1 /* Foundation.framework */,
				2443DC5718D662CA00C920C1 /* CoreGraphics.framework */,
				2443DC5918D662CA00C920C1 /* UIKit.framework */,
				2443DC5B18D662CA00C920C1 /* SpriteKit.framework */,
				2443DC7B18D662CA00C920C1 /* XCTest.framework */,
				D1C3F02F5CDA39064C406570 /* libPods-Heroes 2048.a */,
			);
			name = Frameworks;
			sourceTree = "<group>";
		};
		2443DC5D18D662CA00C920C1 /* m2048 */ = {
			isa = PBXGroup;
			children = (
				B204B1BB1AAE370500B98407 /* Images */,
				2443DC6618D662CA00C920C1 /* M2AppDelegate.h */,
				2443DC6718D662CA00C920C1 /* M2AppDelegate.m */,
				2443DC6918D662CA00C920C1 /* Main.storyboard */,
				2443DC9C18D6645800C920C1 /* Appearance */,
				2443DC9D18D6645800C920C1 /* Controller */,
				24C4516018DABABE0001FCFD /* Global */,
				2443DC9418D663FC00C920C1 /* Sprite Kit */,
				2443DC9718D663FC00C920C1 /* State */,
				24C4516518DD64630001FCFD /* View */,
				2443DC5E18D662CA00C920C1 /* Supporting Files */,
				2443DC7418D662CA00C920C1 /* Images.xcassets */,
			);
			path = m2048;
			sourceTree = "<group>";
		};
		2443DC5E18D662CA00C920C1 /* Supporting Files */ = {
			isa = PBXGroup;
			children = (
				2443DC5F18D662CA00C920C1 /* Heroes 2048-Info.plist */,
				2443DC6018D662CA00C920C1 /* InfoPlist.strings */,
				2443DC6318D662CA00C920C1 /* main.m */,
				2443DC6518D662CA00C920C1 /* Heroes 2048-Prefix.pch */,
			);
			name = "Supporting Files";
			sourceTree = "<group>";
		};
		2443DC9418D663FC00C920C1 /* Sprite Kit */ = {
			isa = PBXGroup;
			children = (
				24C4515918D6DC4A0001FCFD /* M2Cell.h */,
				24C4515A18D6DC4A0001FCFD /* M2Cell.m */,
				24C4515C18D6DC740001FCFD /* M2Grid.h */,
				24C4515D18D6DC740001FCFD /* M2Grid.m */,
				2443DC9518D663FC00C920C1 /* M2Scene.h */,
				2443DC9618D663FC00C920C1 /* M2Scene.m */,
				2443DCAD18D6C18400C920C1 /* M2Tile.h */,
				2443DCAE18D6C18400C920C1 /* M2Tile.m */,
			);
			path = "Sprite Kit";
			sourceTree = "<group>";
		};
		2443DC9718D663FC00C920C1 /* State */ = {
			isa = PBXGroup;
			children = (
				2443DC9818D663FC00C920C1 /* M2GameManager.h */,
				2443DC9918D663FC00C920C1 /* M2GameManager.m */,
			);
			path = State;
			sourceTree = "<group>";
		};
		2443DC9C18D6645800C920C1 /* Appearance */ = {
			isa = PBXGroup;
			children = (
				2443DCA118D6649500C920C1 /* M2Theme.h */,
				2443DCA218D6649500C920C1 /* M2Theme.m */,
			);
			path = Appearance;
			sourceTree = "<group>";
		};
		2443DC9D18D6645800C920C1 /* Controller */ = {
			isa = PBXGroup;
			children = (
				2443DCA418D66CCC00C920C1 /* M2ViewController.h */,
				2443DCA518D66CCC00C920C1 /* M2ViewController.m */,
				2443DC9E18D6647000C920C1 /* M2SettingsViewController.h */,
				2443DC9F18D6647000C920C1 /* M2SettingsViewController.m */,
				24C4517118E140AE0001FCFD /* M2SettingsDetailViewController.h */,
				24C4517218E140AE0001FCFD /* M2SettingsDetailViewController.m */,
				B2CF14561AB1C50100E7F5CB /* M2MoreAppsViewController.h */,
				B2CF14571AB1C50100E7F5CB /* M2MoreAppsViewController.m */,
			);
			path = Controller;
			sourceTree = "<group>";
		};
		24C4516018DABABE0001FCFD /* Global */ = {
			isa = PBXGroup;
			children = (
				24C4516118DABABE0001FCFD /* M2GlobalState.h */,
				24C4516218DABABE0001FCFD /* M2GlobalState.m */,
				24C4516318DABABE0001FCFD /* M2Position.h */,
			);
			path = Global;
			sourceTree = "<group>";
		};
		24C4516518DD64630001FCFD /* View */ = {
			isa = PBXGroup;
			children = (
				24C4516618DD64A90001FCFD /* M2GridView.h */,
				24C4516718DD64A90001FCFD /* M2GridView.m */,
				24C4516E18DFF10B0001FCFD /* M2ScoreView.h */,
				24C4516F18DFF10B0001FCFD /* M2ScoreView.m */,
				24C4517F18E265390001FCFD /* M2Overlay.h */,
				24C4518018E265390001FCFD /* M2Overlay.m */,
			);
			path = View;
			sourceTree = "<group>";
		};
		3706C2EA3C67FC152033D089 /* Pods */ = {
			isa = PBXGroup;
			children = (
				89D4878145810A5051E550CF /* Pods-Heroes 2048.debug.xcconfig */,
				9198E1EDD32611AC0FC4AF8A /* Pods-Heroes 2048.release.xcconfig */,
			);
			name = Pods;
			sourceTree = "<group>";
		};
		B204B1BB1AAE370500B98407 /* Images */ = {
			isa = PBXGroup;
			children = (
				B2CF14591AB1CB0100E7F5CB /* MoreApps */,
				B2F5D1B01AAF45FB0010D08E /* 2_32768.png */,
				B2F5D1B11AAF45FB0010D08E /* 2_16384.png */,
				B2F5D1B21AAF45FB0010D08E /* 2_8192.png */,
				B2F5D1B31AAF45FB0010D08E /* 2_4096.png */,
				B2F5D1B41AAF45FB0010D08E /* 2_16.png */,
				B2F5D1B51AAF45FB0010D08E /* 2_2048.png */,
				B2F5D1B61AAF45FB0010D08E /* 2_1024.png */,
				B2F5D1B71AAF45FB0010D08E /* 2_512.png */,
				B2F5D1B81AAF45FB0010D08E /* 2_256.png */,
				B2F5D1B91AAF45FB0010D08E /* 2_128.png */,
				B2F5D1BA1AAF45FB0010D08E /* 2_64.png */,
				B2F5D1BB1AAF45FB0010D08E /* 2_32.png */,
				B2F5D1BC1AAF45FB0010D08E /* 2_8.png */,
				B2F5D1BD1AAF45FB0010D08E /* 2_4.png */,
				B2F5D1BE1AAF45FB0010D08E /* 2_2.png */,
				B2F5D1651AAF3E450010D08E /* 1_8.png */,
				B2F5D1661AAF3E450010D08E /* 1_2.png */,
				B2F5D1671AAF3E450010D08E /* 1_16384.png */,
				B2F5D1681AAF3E450010D08E /* 1_4.png */,
				B2F5D1691AAF3E450010D08E /* 1_128.png */,
				B2F5D16A1AAF3E450010D08E /* 1_2048.png */,
				B2F5D16B1AAF3E450010D08E /* 1_4096.png */,
				B2F5D16C1AAF3E450010D08E /* 1_32.png */,
				B2F5D16D1AAF3E450010D08E /* 1_64.png */,
				B2F5D16E1AAF3E450010D08E /* 1_512.png */,
				B2F5D16F1AAF3E450010D08E /* 1_256.png */,
				B2F5D1701AAF3E450010D08E /* 1_16.png */,
				B2F5D1711AAF3E450010D08E /* 1_8192.png */,
				B2F5D1721AAF3E450010D08E /* 1_1024.png */,
				B2F5D1731AAF3E450010D08E /* 1_32768.png */,
				B2F5D1741AAF3E450010D08E /* 3_8.png */,
				B2F5D1751AAF3E450010D08E /* 3_128.png */,
				B2F5D1761AAF3E450010D08E /* 3_16.png */,
				B2F5D1771AAF3E450010D08E /* 3_2.png */,
				B2F5D1781AAF3E450010D08E /* 3_1024.png */,
				B2F5D1791AAF3E450010D08E /* 3_4.png */,
				B2F5D17A1AAF3E450010D08E /* 3_32768.png */,
				B2F5D17B1AAF3E450010D08E /* 3_8192.png */,
				B2F5D17C1AAF3E450010D08E /* 3_256.png */,
				B2F5D17D1AAF3E450010D08E /* 3_16384.png */,
				B2F5D17E1AAF3E450010D08E /* 3_512.png */,
				B2F5D17F1AAF3E450010D08E /* 3_64.png */,
				B2F5D1801AAF3E450010D08E /* 3_4096.png */,
				B2F5D1811AAF3E450010D08E /* 3_2048.png */,
				B2F5D1821AAF3E450010D08E /* 3_32.png */,
			);
			name = Images;
			sourceTree = "<group>";
		};
		B2CF14591AB1CB0100E7F5CB /* MoreApps */ = {
			isa = PBXGroup;
			children = (
				B2CF14601AB1CE8800E7F5CB /* ic_knots.png */,
				B2CF145A1AB1CB0100E7F5CB /* ic_draw.png */,
				B2CF145B1AB1CB0100E7F5CB /* ic_origami.png */,
				B2CF145C1AB1CB0100E7F5CB /* ic_pokemon.png */,
			);
			name = MoreApps;
			path = Images/MoreApps;
			sourceTree = "<group>";
		};
/* End PBXGroup section */

/* Begin PBXNativeTarget section */
		2443DC5118D662CA00C920C1 /* Heroes 2048 */ = {
			isa = PBXNativeTarget;
			buildConfigurationList = 2443DC8B18D662CA00C920C1 /* Build configuration list for PBXNativeTarget "Heroes 2048" */;
			buildPhases = (
				265D478208801E6FACB4339D /* Check Pods Manifest.lock */,
				2443DC4E18D662CA00C920C1 /* Sources */,
				2443DC4F18D662CA00C920C1 /* Frameworks */,
				2443DC5018D662CA00C920C1 /* Resources */,
				68E5A5DBD49E8E02D9BA3590 /* Copy Pods Resources */,
			);
			buildRules = (
			);
			dependencies = (
			);
			name = "Heroes 2048";
			productName = m2048;
			productReference = 2443DC5218D662CA00C920C1 /* Heroes 2048.app */;
			productType = "com.apple.product-type.application";
		};
/* End PBXNativeTarget section */

/* Begin PBXProject section */
		2443DC4A18D662CA00C920C1 /* Project object */ = {
			isa = PBXProject;
			attributes = {
				CLASSPREFIX = M2;
				LastUpgradeCheck = 0510;
				ORGANIZATIONNAME = Danqing;
			};
			buildConfigurationList = 2443DC4D18D662CA00C920C1 /* Build configuration list for PBXProject "Heroes 2048" */;
			compatibilityVersion = "Xcode 3.2";
			developmentRegion = English;
			hasScannedForEncodings = 0;
			knownRegions = (
				en,
				Base,
			);
			mainGroup = 2443DC4918D662CA00C920C1;
			productRefGroup = 2443DC5318D662CA00C920C1 /* Products */;
			projectDirPath = "";
			projectRoot = "";
			targets = (
				2443DC5118D662CA00C920C1 /* Heroes 2048 */,
			);
		};
/* End PBXProject section */

/* Begin PBXResourcesBuildPhase section */
		2443DC5018D662CA00C920C1 /* Resources */ = {
			isa = PBXResourcesBuildPhase;
			buildActionMask = 2147483647;
			files = (
				B2F5D1A31AAF3E450010D08E /* 3_16.png in Resources */,
				B2F5D1C01AAF45FB0010D08E /* 2_16384.png in Resources */,
				B2F5D19A1AAF3E450010D08E /* 1_64.png in Resources */,
				B2F5D1931AAF3E450010D08E /* 1_2.png in Resources */,
				B2CF145E1AB1CB0100E7F5CB /* ic_origami.png in Resources */,
				B2F5D1A21AAF3E450010D08E /* 3_128.png in Resources */,
				B2F5D1CC1AAF45FB0010D08E /* 2_4.png in Resources */,
				B2F5D1AE1AAF3E450010D08E /* 3_2048.png in Resources */,
				B2F5D19E1AAF3E450010D08E /* 1_8192.png in Resources */,
				B2F5D1971AAF3E450010D08E /* 1_2048.png in Resources */,
				2443DC6218D662CA00C920C1 /* InfoPlist.strings in Resources */,
				B2F5D1AA1AAF3E450010D08E /* 3_16384.png in Resources */,
				B2F5D1951AAF3E450010D08E /* 1_4.png in Resources */,
				B2F5D19D1AAF3E450010D08E /* 1_16.png in Resources */,
				B2F5D1C71AAF45FB0010D08E /* 2_256.png in Resources */,
				B2F5D1AF1AAF3E450010D08E /* 3_32.png in Resources */,
				B2F5D1C91AAF45FB0010D08E /* 2_64.png in Resources */,
				B2F5D1C51AAF45FB0010D08E /* 2_1024.png in Resources */,
				B2F5D1921AAF3E450010D08E /* 1_8.png in Resources */,
				B2F5D1A71AAF3E450010D08E /* 3_32768.png in Resources */,
				B2F5D1991AAF3E450010D08E /* 1_32.png in Resources */,
				B2F5D1961AAF3E450010D08E /* 1_128.png in Resources */,
				B2F5D19F1AAF3E450010D08E /* 1_1024.png in Resources */,
				B2F5D1AC1AAF3E450010D08E /* 3_64.png in Resources */,
				B2F5D19C1AAF3E450010D08E /* 1_256.png in Resources */,
				B2CF14611AB1CE8800E7F5CB /* ic_knots.png in Resources */,
				B2F5D1A11AAF3E450010D08E /* 3_8.png in Resources */,
				B2F5D1A61AAF3E450010D08E /* 3_4.png in Resources */,
				B2CF145F1AB1CB0100E7F5CB /* ic_pokemon.png in Resources */,
				B2F5D1CB1AAF45FB0010D08E /* 2_8.png in Resources */,
				B2F5D1A01AAF3E450010D08E /* 1_32768.png in Resources */,
				2443DC7518D662CA00C920C1 /* Images.xcassets in Resources */,
				B2F5D1CA1AAF45FB0010D08E /* 2_32.png in Resources */,
				B2F5D1BF1AAF45FB0010D08E /* 2_32768.png in Resources */,
				2443DC6B18D662CA00C920C1 /* Main.storyboard in Resources */,
				B2F5D1A51AAF3E450010D08E /* 3_1024.png in Resources */,
				B2F5D19B1AAF3E450010D08E /* 1_512.png in Resources */,
				B2CF145D1AB1CB0100E7F5CB /* ic_draw.png in Resources */,
				B2F5D1A91AAF3E450010D08E /* 3_256.png in Resources */,
				B2F5D1C31AAF45FB0010D08E /* 2_16.png in Resources */,
				B2F5D1C21AAF45FB0010D08E /* 2_4096.png in Resources */,
				B2F5D1C41AAF45FB0010D08E /* 2_2048.png in Resources */,
				B2F5D1A81AAF3E450010D08E /* 3_8192.png in Resources */,
				B2F5D1C11AAF45FB0010D08E /* 2_8192.png in Resources */,
				B2F5D1981AAF3E450010D08E /* 1_4096.png in Resources */,
				B2F5D1C61AAF45FB0010D08E /* 2_512.png in Resources */,
				B2F5D1941AAF3E450010D08E /* 1_16384.png in Resources */,
				B2F5D1C81AAF45FB0010D08E /* 2_128.png in Resources */,
				B2F5D1AB1AAF3E450010D08E /* 3_512.png in Resources */,
				B2F5D1CD1AAF45FB0010D08E /* 2_2.png in Resources */,
				B2F5D1AD1AAF3E450010D08E /* 3_4096.png in Resources */,
				B2F5D1A41AAF3E450010D08E /* 3_2.png in Resources */,
			);
			runOnlyForDeploymentPostprocessing = 0;
		};
/* End PBXResourcesBuildPhase section */

/* Begin PBXShellScriptBuildPhase section */
		265D478208801E6FACB4339D /* Check Pods Manifest.lock */ = {
			isa = PBXShellScriptBuildPhase;
			buildActionMask = 2147483647;
			files = (
			);
			inputPaths = (
			);
			name = "Check Pods Manifest.lock";
			outputPaths = (
			);
			runOnlyForDeploymentPostprocessing = 0;
			shellPath = /bin/sh;
			shellScript = "diff \"${PODS_ROOT}/../Podfile.lock\" \"${PODS_ROOT}/Manifest.lock\" > /dev/null\nif [[ $? != 0 ]] ; then\n    cat << EOM\nerror: The sandbox is not in sync with the Podfile.lock. Run 'pod install' or update your CocoaPods installation.\nEOM\n    exit 1\nfi\n";
			showEnvVarsInLog = 0;
		};
		68E5A5DBD49E8E02D9BA3590 /* Copy Pods Resources */ = {
			isa = PBXShellScriptBuildPhase;
			buildActionMask = 2147483647;
			files = (
			);
			inputPaths = (
			);
			name = "Copy Pods Resources";
			outputPaths = (
			);
			runOnlyForDeploymentPostprocessing = 0;
			shellPath = /bin/sh;
			shellScript = "\"${SRCROOT}/Pods/Target Support Files/Pods-Heroes 2048/Pods-Heroes 2048-resources.sh\"\n";
			showEnvVarsInLog = 0;
		};
/* End PBXShellScriptBuildPhase section */

/* Begin PBXSourcesBuildPhase section */
		2443DC4E18D662CA00C920C1 /* Sources */ = {
			isa = PBXSourcesBuildPhase;
			buildActionMask = 2147483647;
			files = (
				2443DCA618D66CCC00C920C1 /* M2ViewController.m in Sources */,
				2443DC6418D662CA00C920C1 /* main.m in Sources */,
				24C4515B18D6DC4A0001FCFD /* M2Cell.m in Sources */,
				24C4516818DD64A90001FCFD /* M2GridView.m in Sources */,
				2443DC9A18D663FC00C920C1 /* M2Scene.m in Sources */,
				24C4515E18D6DC740001FCFD /* M2Grid.m in Sources */,
				24C4518118E265390001FCFD /* M2Overlay.m in Sources */,
				2443DCAF18D6C18400C920C1 /* M2Tile.m in Sources */,
				2443DCA018D6647000C920C1 /* M2SettingsViewController.m in Sources */,
				24C4517018DFF10B0001FCFD /* M2ScoreView.m in Sources */,
				B2CF14581AB1C50100E7F5CB /* M2MoreAppsViewController.m in Sources */,
				2443DCA318D6649500C920C1 /* M2Theme.m in Sources */,
				24C4517318E140AE0001FCFD /* M2SettingsDetailViewController.m in Sources */,
				24C4516418DABABE0001FCFD /* M2GlobalState.m in Sources */,
				2443DC6818D662CA00C920C1 /* M2AppDelegate.m in Sources */,
				2443DC9B18D663FC00C920C1 /* M2GameManager.m in Sources */,
			);
			runOnlyForDeploymentPostprocessing = 0;
		};
/* End PBXSourcesBuildPhase section */

/* Begin PBXVariantGroup section */
		2443DC6018D662CA00C920C1 /* InfoPlist.strings */ = {
			isa = PBXVariantGroup;
			children = (
				2443DC6118D662CA00C920C1 /* en */,
			);
			name = InfoPlist.strings;
			sourceTree = "<group>";
		};
		2443DC6918D662CA00C920C1 /* Main.storyboard */ = {
			isa = PBXVariantGroup;
			children = (
				2443DC6A18D662CA00C920C1 /* Base */,
			);
			name = Main.storyboard;
			sourceTree = "<group>";
		};
/* End PBXVariantGroup section */

/* Begin XCBuildConfiguration section */
		2443DC8918D662CA00C920C1 /* Debug */ = {
			isa = XCBuildConfiguration;
			buildSettings = {
				ALWAYS_SEARCH_USER_PATHS = NO;
				CLANG_CXX_LANGUAGE_STANDARD = "gnu++0x";
				CLANG_CXX_LIBRARY = "libc++";
				CLANG_ENABLE_MODULES = YES;
				CLANG_ENABLE_OBJC_ARC = YES;
				CLANG_WARN_BOOL_CONVERSION = YES;
				CLANG_WARN_CONSTANT_CONVERSION = YES;
				CLANG_WARN_DIRECT_OBJC_ISA_USAGE = YES_ERROR;
				CLANG_WARN_EMPTY_BODY = YES;
				CLANG_WARN_ENUM_CONVERSION = YES;
				CLANG_WARN_INT_CONVERSION = YES;
				CLANG_WARN_OBJC_ROOT_CLASS = YES_ERROR;
				CLANG_WARN__DUPLICATE_METHOD_MATCH = YES;
				"CODE_SIGN_IDENTITY[sdk=iphoneos*]" = "iPhone Developer";
				COPY_PHASE_STRIP = NO;
				GCC_C_LANGUAGE_STANDARD = gnu99;
				GCC_DYNAMIC_NO_PIC = NO;
				GCC_OPTIMIZATION_LEVEL = 0;
				GCC_PREPROCESSOR_DEFINITIONS = (
					"DEBUG=1",
					"$(inherited)",
				);
				GCC_SYMBOLS_PRIVATE_EXTERN = NO;
				GCC_WARN_64_TO_32_BIT_CONVERSION = YES;
				GCC_WARN_ABOUT_RETURN_TYPE = YES_ERROR;
				GCC_WARN_UNDECLARED_SELECTOR = YES;
				GCC_WARN_UNINITIALIZED_AUTOS = YES_AGGRESSIVE;
				GCC_WARN_UNUSED_FUNCTION = YES;
				GCC_WARN_UNUSED_VARIABLE = YES;
				IPHONEOS_DEPLOYMENT_TARGET = 7.1;
				ONLY_ACTIVE_ARCH = YES;
				SDKROOT = iphoneos;
			};
			name = Debug;
		};
		2443DC8A18D662CA00C920C1 /* Release */ = {
			isa = XCBuildConfiguration;
			buildSettings = {
				ALWAYS_SEARCH_USER_PATHS = NO;
				CLANG_CXX_LANGUAGE_STANDARD = "gnu++0x";
				CLANG_CXX_LIBRARY = "libc++";
				CLANG_ENABLE_MODULES = YES;
				CLANG_ENABLE_OBJC_ARC = YES;
				CLANG_WARN_BOOL_CONVERSION = YES;
				CLANG_WARN_CONSTANT_CONVERSION = YES;
				CLANG_WARN_DIRECT_OBJC_ISA_USAGE = YES_ERROR;
				CLANG_WARN_EMPTY_BODY = YES;
				CLANG_WARN_ENUM_CONVERSION = YES;
				CLANG_WARN_INT_CONVERSION = YES;
				CLANG_WARN_OBJC_ROOT_CLASS = YES_ERROR;
				CLANG_WARN__DUPLICATE_METHOD_MATCH = YES;
				"CODE_SIGN_IDENTITY[sdk=iphoneos*]" = "iPhone Developer";
				COPY_PHASE_STRIP = YES;
				ENABLE_NS_ASSERTIONS = NO;
				GCC_C_LANGUAGE_STANDARD = gnu99;
				GCC_WARN_64_TO_32_BIT_CONVERSION = YES;
				GCC_WARN_ABOUT_RETURN_TYPE = YES_ERROR;
				GCC_WARN_UNDECLARED_SELECTOR = YES;
				GCC_WARN_UNINITIALIZED_AUTOS = YES_AGGRESSIVE;
				GCC_WARN_UNUSED_FUNCTION = YES;
				GCC_WARN_UNUSED_VARIABLE = YES;
				IPHONEOS_DEPLOYMENT_TARGET = 7.1;
				SDKROOT = iphoneos;
				VALIDATE_PRODUCT = YES;
			};
			name = Release;
		};
		2443DC8C18D662CA00C920C1 /* Debug */ = {
			isa = XCBuildConfiguration;
			baseConfigurationReference = 89D4878145810A5051E550CF /* Pods-Heroes 2048.debug.xcconfig */;
			buildSettings = {
				ASSETCATALOG_COMPILER_APPICON_NAME = AppIcon;
				ASSETCATALOG_COMPILER_LAUNCHIMAGE_NAME = LaunchImage;
				CODE_SIGN_IDENTITY = "iPhone Developer";
				FRAMEWORK_SEARCH_PATHS = (
					"$(inherited)",
					"$(PROJECT_DIR)/Pods/Google-Mobile-Ads-SDK/GoogleMobileAdsSdkiOS-7.0.0",
				);
				GCC_PRECOMPILE_PREFIX_HEADER = YES;
				GCC_PREFIX_HEADER = "m2048/Heroes 2048-Prefix.pch";
				INFOPLIST_FILE = "m2048/Heroes 2048-Info.plist";
				PRODUCT_NAME = "Heroes 2048";
				SPRITEKIT_TEXTURE_ATLAS_OUTPUT = YES;
				TARGETED_DEVICE_FAMILY = 1;
				WRAPPER_EXTENSION = app;
			};
			name = Debug;
		};
		2443DC8D18D662CA00C920C1 /* Release */ = {
			isa = XCBuildConfiguration;
			baseConfigurationReference = 9198E1EDD32611AC0FC4AF8A /* Pods-Heroes 2048.release.xcconfig */;
			buildSettings = {
				ASSETCATALOG_COMPILER_APPICON_NAME = AppIcon;
				ASSETCATALOG_COMPILER_LAUNCHIMAGE_NAME = LaunchImage;
				CODE_SIGN_IDENTITY = "iPhone Developer";
				FRAMEWORK_SEARCH_PATHS = (
					"$(inherited)",
					"$(PROJECT_DIR)/Pods/Google-Mobile-Ads-SDK/GoogleMobileAdsSdkiOS-7.0.0",
				);
				GCC_PRECOMPILE_PREFIX_HEADER = YES;
				GCC_PREFIX_HEADER = "m2048/Heroes 2048-Prefix.pch";
				INFOPLIST_FILE = "m2048/Heroes 2048-Info.plist";
				PRODUCT_NAME = "Heroes 2048";
				SPRITEKIT_TEXTURE_ATLAS_OUTPUT = YES;
				TARGETED_DEVICE_FAMILY = 1;
				WRAPPER_EXTENSION = app;
			};
			name = Release;
		};
/* End XCBuildConfiguration section */

/* Begin XCConfigurationList section */
		2443DC4D18D662CA00C920C1 /* Build configuration list for PBXProject "Heroes 2048" */ = {
			isa = XCConfigurationList;
			buildConfigurations = (
				2443DC8918D662CA00C920C1 /* Debug */,
				2443DC8A18D662CA00C920C1 /* Release */,
			);
			defaultConfigurationIsVisible = 0;
			defaultConfigurationName = Release;
		};
		2443DC8B18D662CA00C920C1 /* Build configuration list for PBXNativeTarget "Heroes 2048" */ = {
			isa = XCConfigurationList;
			buildConfigurations = (
				2443DC8C18D662CA00C920C1 /* Debug */,
				2443DC8D18D662CA00C920C1 /* Release */,
			);
			defaultConfigurationIsVisible = 0;
			defaultConfigurationName = Release;
		};
/* End XCConfigurationList section */
	};
	rootObject = 2443DC4A18D662CA00C920C1 /* Project object */;
}
